Microsoft Visual Studio Solution File, Format Version 11.00
# Visual Studio 2008

Project("{0E5FDD02-E15F-F46E-1C66-912A3356705B}") = "Digital-Game", "Assembly-CSharp-firstpass.csproj", "{7A3933B9-22C1-61C1-763E-7ED598A7CF8B}"
EndProject
Project("{0E5FDD02-E15F-F46E-1C66-912A3356705B}") = "Digital-Game", "Assembly-CSharp.csproj", "{99EE665B-6CE0-3CCC-6EAB-897E789AE3F3}"
EndProject
Project("{0E5FDD02-E15F-F46E-1C66-912A3356705B}") = "Digital-Game", "Assembly-CSharp-Editor.csproj", "{DA042D24-8960-F8F4-3CCE-8D8292E96CEE}"
EndProject
Global
	GlobalSection(SolutionConfigurationPlatforms) = preSolution
		Debug|Any CPU = Debug|Any CPU
		Release|Any CPU = Release|Any CPU
	EndGlobalSection
	GlobalSection(ProjectConfigurationPlatforms) = postSolution
		{7A3933B9-22C1-61C1-763E-7ED598A7CF8B}.Debug|Any CPU.ActiveCfg = Debug|Any CPU
		{7A3933B9-22C1-61C1-763E-7ED598A7CF8B}.Debug|Any CPU.Build.0 = Debug|Any CPU
		{7A3933B9-22C1-61C1-763E-7ED598A7CF8B}.Release|Any CPU.ActiveCfg = Release|Any CPU
		{7A3933B9-22C1-61C1-763E-7ED598A7CF8B}.Release|Any CPU.Build.0 = Release|Any CPU
		{99EE665B-6CE0-3CCC-6EAB-897E789AE3F3}.Debug|Any CPU.ActiveCfg = Debug|Any CPU
		{99EE665B-6CE0-3CCC-6EAB-897E789AE3F3}.Debug|Any CPU.Build.0 = Debug|Any CPU
		{99EE665B-6CE0-3CCC-6EAB-897E789AE3F3}.Release|Any CPU.ActiveCfg = Release|Any CPU
		{99EE665B-6CE0-3CCC-6EAB-897E789AE3F3}.Release|Any CPU.Build.0 = Release|Any CPU
		{DA042D24-8960-F8F4-3CCE-8D8292E96CEE}.Debug|Any CPU.ActiveCfg = Debug|Any CPU
		{DA042D24-8960-F8F4-3CCE-8D8292E96CEE}.Debug|Any CPU.Build.0 = Debug|Any CPU
		{DA042D24-8960-F8F4-3CCE-8D8292E96CEE}.Release|Any CPU.ActiveCfg = Release|Any CPU
		{DA042D24-8960-F8F4-3CCE-8D8292E96CEE}.Release|Any CPU.Build.0 = Release|Any CPU
	EndGlobalSection
	GlobalSection(SolutionProperties) = preSolution
		HideSolutionNode = FALSE
	EndGlobalSection
																																																								GlobalSection(MonoDevelopProperties) = preSolution
=======
																					GlobalSection(MonoDevelopProperties) = preSolution
>>>>>>> origin/master
		StartupItem = Assembly-CSharp.csproj
		Policies = $0
		$0.TextStylePolicy = $1
		$1.inheritsSet = null
		$1.scope = text/x-csharp
		$0.CSharpFormattingPolicy = $2
		$2.inheritsSet = Mono
		$2.inheritsScope = text/x-csharp
		$2.scope = text/x-csharp
		$0.TextStylePolicy = $3
		$3.FileWidth = 120
		$3.TabWidth = 4
		$3.IndentWidth = 4
		$3.EolMarker = Unix
		$3.inheritsSet = Mono
		$3.inheritsScope = text/plain
		$3.scope = text/plain
	EndGlobalSection

EndGlobal
